
Microsoft Visual Studio Solution File, Format Version 12.00
# Visual Studio Version 16
VisualStudioVersion = 16.0.30011.22
MinimumVisualStudioVersion = 10.0.40219.1
Project("{FAE04EC0-301F-11D3-BF4B-00C04F79EFBC}") = "ProyectoFinal_ExpresionGenetica", "ProyectoFinal_ExpresionGenetica.csproj", "{839FF969-11E7-45CE-9DDF-A792AEF62E90}"
EndProject
Global
	GlobalSection(SolutionConfigurationPlatforms) = preSolution
		Debug|Any CPU = Debug|Any CPU
		Release|Any CPU = Release|Any CPU
	EndGlobalSection
	GlobalSection(ProjectConfigurationPlatforms) = postSolution
		{839FF969-11E7-45CE-9DDF-A792AEF62E90}.Debug|Any CPU.ActiveCfg = Debug|Any CPU
		{839FF969-11E7-45CE-9DDF-A792AEF62E90}.Debug|Any CPU.Build.0 = Debug|Any CPU
		{839FF969-11E7-45CE-9DDF-A792AEF62E90}.Release|Any CPU.ActiveCfg = Release|Any CPU
		{839FF969-11E7-45CE-9DDF-A792AEF62E90}.Release|Any CPU.Build.0 = Release|Any CPU
	EndGlobalSection
	GlobalSection(SolutionProperties) = preSolution
		HideSolutionNode = FALSE
	EndGlobalSection
	GlobalSection(ExtensibilityGlobals) = postSolution
		SolutionGuid = {84228D20-E1D9-4FA5-88F4-936E66978FF5}
	EndGlobalSection
EndGlobal
